PODS:
  - PodTest (1.2.0)

DEPENDENCIES:
  - "PodTest (from `git@github.com:diogomusou/PodTest.git`, branch `SPM`)"

EXTERNAL SOURCES:
  PodTest:
    :branch: SPM
    :git: "git@github.com:diogomusou/PodTest.git"

CHECKOUT OPTIONS:
  PodTest:
    :commit: 719c7db02e70631683b5bb85a43cde1cbfc03ab9
    :git: "git@github.com:diogomusou/PodTest.git"

SPEC CHECKSUMS:
  PodTest: 82a9c0129a6f7c86e3b2e866051bfc8e3ab267fc

PODFILE CHECKSUM: d3a95189090d5beeefca8076e74baec545dca4f7

COCOAPODS: 1.10.1
