{
  "object": {
    "pins": [
      {
        "package": "PodTest",
        "repositoryURL": "git@github.com:diogomusou/PodTest.git",
        "state": {
          "branch": "SPM",
          "revision": "be77ae9418afb4c5b52deb1d6e392152c9ad8efd",
          "version": null
        }
      }
    ]
  },
  "version": 1
}
